PODS:
  - MBProgressHUD (1.2.0)
  - SDWebImage (5.11.0):
    - SDWebImage/Core (= 5.11.0)
  - SDWebImage/Core (5.11.0)

DEPENDENCIES:
  - MBProgressHUD
  - SDWebImage

SPEC REPOS:
  trunk:
    - MBProgressHUD
    - SDWebImage

SPEC CHECKSUMS:
  MBProgressHUD: 3ee5efcc380f6a79a7cc9b363dd669c5e1ae7406
  SDWebImage: 7acbb57630ac7db4a495547fb73916ff3e432f6b

PODFILE CHECKSUM: 6e487487605d99c47ae6d87342c30859d095f167

COCOAPODS: 1.10.1
