// !$*UTF8*$!
{
	archiveVersion = 1;
	classes = {
	};
	objectVersion = 51;
	objects = {

/* Begin PBXBuildFile section */
		2E03AF80264AB66F0029CF3F /* SettingsModels.swift in Sources */ = {isa = PBXBuildFile; fileRef = 2E03AF7F264AB66F0029CF3F /* SettingsModels.swift */; };
		2E4F64B42659626E002C4F8C /* PlaylistDetailsResponse.swift in Sources */ = {isa = PBXBuildFile; fileRef = 2E4F64B32659626E002C4F8C /* PlaylistDetailsResponse.swift */; };
		2E4F64B726596F0A002C4F8C /* PlaylistTracksResponse.swift in Sources */ = {isa = PBXBuildFile; fileRef = 2E4F64B626596F0A002C4F8C /* PlaylistTracksResponse.swift */; };
		2E4F64EE265990BA002C4F8C /* PlaylistHeader.swift in Sources */ = {isa = PBXBuildFile; fileRef = 2E4F64ED265990BA002C4F8C /* PlaylistHeader.swift */; };
		2E4F650126599B54002C4F8C /* PlaylistHeaderViewModel.swift in Sources */ = {isa = PBXBuildFile; fileRef = 2E4F650026599B54002C4F8C /* PlaylistHeaderViewModel.swift */; };
		2E4F650E2659A4A3002C4F8C /* UIViewExtensions.swift in Sources */ = {isa = PBXBuildFile; fileRef = 2E4F650D2659A4A3002C4F8C /* UIViewExtensions.swift */; };
		2E58FF05265ADCEE00413B6C /* DateFormatterExtensions.swift in Sources */ = {isa = PBXBuildFile; fileRef = 2E58FF04265ADCEE00413B6C /* DateFormatterExtensions.swift */; };
		2E6165002639E346009C4B2E /* UIImageViewExtensions.swift in Sources */ = {isa = PBXBuildFile; fileRef = 2E6164FF2639E346009C4B2E /* UIImageViewExtensions.swift */; };
		2E67AD8D266689C20025AD3D /* AllCategoriesResponse.swift in Sources */ = {isa = PBXBuildFile; fileRef = 2E67AD8C266689C20025AD3D /* AllCategoriesResponse.swift */; };
		2E67AD9926669D980025AD3D /* CategoryCollectionViewCellViewModel.swift in Sources */ = {isa = PBXBuildFile; fileRef = 2E67AD9826669D980025AD3D /* CategoryCollectionViewCellViewModel.swift */; };
		2E67ADAD2666B1D50025AD3D /* CategoryController.swift in Sources */ = {isa = PBXBuildFile; fileRef = 2E67ADAC2666B1D50025AD3D /* CategoryController.swift */; };
		2E67ADF12667FC800025AD3D /* SearchResultsResponse.swift in Sources */ = {isa = PBXBuildFile; fileRef = 2E67ADF02667FC800025AD3D /* SearchResultsResponse.swift */; };
		2E67ADF62667FF780025AD3D /* SearchResult.swift in Sources */ = {isa = PBXBuildFile; fileRef = 2E67ADF52667FF780025AD3D /* SearchResult.swift */; };
		2E67AE7126691E6D0025AD3D /* SerchSection.swift in Sources */ = {isa = PBXBuildFile; fileRef = 2E67AE7026691E6D0025AD3D /* SerchSection.swift */; };
		2E67AE7426692E9E0025AD3D /* BrowseSectionType.swift in Sources */ = {isa = PBXBuildFile; fileRef = 2E67AE7326692E9E0025AD3D /* BrowseSectionType.swift */; };
		2E6A5663263753C8008BDE9A /* Constants.swift in Sources */ = {isa = PBXBuildFile; fileRef = 2E6A5662263753C8008BDE9A /* Constants.swift */; };
		2E75D05526504C6600F87444 /* NewReleasesCollectionViewCell.swift in Sources */ = {isa = PBXBuildFile; fileRef = 2E75D05426504C6600F87444 /* NewReleasesCollectionViewCell.swift */; };
		2E75D05726504D2400F87444 /* FeaturedPlaylistsCollectionViewCell.swift in Sources */ = {isa = PBXBuildFile; fileRef = 2E75D05626504D2400F87444 /* FeaturedPlaylistsCollectionViewCell.swift */; };
		2E75D05926504DA800F87444 /* RecommendedTracksCollectionViewCell.swift in Sources */ = {isa = PBXBuildFile; fileRef = 2E75D05826504DA800F87444 /* RecommendedTracksCollectionViewCell.swift */; };
		2E75D05B26505FCA00F87444 /* NewReleasesCellViewModel.swift in Sources */ = {isa = PBXBuildFile; fileRef = 2E75D05A26505FCA00F87444 /* NewReleasesCellViewModel.swift */; };
		2E75D05D26518A4200F87444 /* FeaturedPlaylistsCellViewModel.swift in Sources */ = {isa = PBXBuildFile; fileRef = 2E75D05C26518A4200F87444 /* FeaturedPlaylistsCellViewModel.swift */; };
		2E75D05F26518AD100F87444 /* RecommendedTracksCellViewModel.swift in Sources */ = {isa = PBXBuildFile; fileRef = 2E75D05E26518AD100F87444 /* RecommendedTracksCellViewModel.swift */; };
		2E7947A026444FB500C1201A /* AuthResponse.swift in Sources */ = {isa = PBXBuildFile; fileRef = 2E79479F26444FB500C1201A /* AuthResponse.swift */; };
		2E8B101C266A8FBC00EC2DAF /* SearchResultDefaultTableCell.swift in Sources */ = {isa = PBXBuildFile; fileRef = 2E8B101B266A8FBC00EC2DAF /* SearchResultDefaultTableCell.swift */; };
		2E8B101F266A922D00EC2DAF /* SearchResultDefaultTableCellViewModel.swift in Sources */ = {isa = PBXBuildFile; fileRef = 2E8B101E266A922D00EC2DAF /* SearchResultDefaultTableCellViewModel.swift */; };
		2E8B1022266A9AC700EC2DAF /* SearchResultSubtitleTableCell.swift in Sources */ = {isa = PBXBuildFile; fileRef = 2E8B1021266A9AC700EC2DAF /* SearchResultSubtitleTableCell.swift */; };
		2E8B1026266A9BE800EC2DAF /* SearchResultSubtitleTableCellViewModel.swift in Sources */ = {isa = PBXBuildFile; fileRef = 2E8B1025266A9BE800EC2DAF /* SearchResultSubtitleTableCellViewModel.swift */; };
		2E8D4434265AB6BF00172C59 /* TitleHeader.swift in Sources */ = {isa = PBXBuildFile; fileRef = 2E8D4433265AB6BF00172C59 /* TitleHeader.swift */; };
		2E8D446C265AD64E00172C59 /* AlbumTracksCollectionViewCell.swift in Sources */ = {isa = PBXBuildFile; fileRef = 2E8D446B265AD64E00172C59 /* AlbumTracksCollectionViewCell.swift */; };
		2E8D446F265AD95500172C59 /* AlbumTracksCellViewModel.swift in Sources */ = {isa = PBXBuildFile; fileRef = 2E8D446E265AD95500172C59 /* AlbumTracksCellViewModel.swift */; };
		2E90EA6A2664006000D5E038 /* CategoryCollectionViewCell.swift in Sources */ = {isa = PBXBuildFile; fileRef = 2E90EA692664006000D5E038 /* CategoryCollectionViewCell.swift */; };
		2EA1448126593E050012E5B6 /* AlbumController.swift in Sources */ = {isa = PBXBuildFile; fileRef = 2EA1448026593E050012E5B6 /* AlbumController.swift */; };
		2EA14484265953590012E5B6 /* AlbumDetailsResponse.swift in Sources */ = {isa = PBXBuildFile; fileRef = 2EA14483265953590012E5B6 /* AlbumDetailsResponse.swift */; };
		2EA7E418264D53C0000C9ED2 /* NewReleasesResponse.swift in Sources */ = {isa = PBXBuildFile; fileRef = 2EA7E417264D53C0000C9ED2 /* NewReleasesResponse.swift */; };
		2EA7E41A264D90B2000C9ED2 /* APIImage.swift in Sources */ = {isa = PBXBuildFile; fileRef = 2EA7E419264D90B2000C9ED2 /* APIImage.swift */; };
		2EBBD6F926347BE500812376 /* AppDelegate.swift in Sources */ = {isa = PBXBuildFile; fileRef = 2EBBD6F826347BE500812376 /* AppDelegate.swift */; };
		2EBBD6FB26347BE500812376 /* SceneDelegate.swift in Sources */ = {isa = PBXBuildFile; fileRef = 2EBBD6FA26347BE500812376 /* SceneDelegate.swift */; };
		2EBBD6FD26347BE500812376 /* HomeController.swift in Sources */ = {isa = PBXBuildFile; fileRef = 2EBBD6FC26347BE500812376 /* HomeController.swift */; };
		2EBBD70226347BF300812376 /* Assets.xcassets in Resources */ = {isa = PBXBuildFile; fileRef = 2EBBD70126347BF300812376 /* Assets.xcassets */; };
		2EBBD70526347BF300812376 /* LaunchScreen.storyboard in Resources */ = {isa = PBXBuildFile; fileRef = 2EBBD70326347BF300812376 /* LaunchScreen.storyboard */; };
		2EBBD70E2635D2DB00812376 /* Config.swift in Sources */ = {isa = PBXBuildFile; fileRef = 2EBBD70D2635D2DB00812376 /* Config.swift */; };
		2EBF6A53267289E400962E62 /* PlaybackPresenter.swift in Sources */ = {isa = PBXBuildFile; fileRef = 2EBF6A52267289E400962E62 /* PlaybackPresenter.swift */; };
		2EBF6A93267391B900962E62 /* PlayerControlsView.swift in Sources */ = {isa = PBXBuildFile; fileRef = 2EBF6A92267391B900962E62 /* PlayerControlsView.swift */; };
		2EF3D0AD264D98690012EB32 /* FeaturedPlaylistsResponse.swift in Sources */ = {isa = PBXBuildFile; fileRef = 2EF3D0AC264D98690012EB32 /* FeaturedPlaylistsResponse.swift */; };
		2EF3D0AF264EF0AC0012EB32 /* RecommendedGenresResponse.swift in Sources */ = {isa = PBXBuildFile; fileRef = 2EF3D0AE264EF0AC0012EB32 /* RecommendedGenresResponse.swift */; };
		2EF3D0B1264EF7EE0012EB32 /* RecommendationsResponse.swift in Sources */ = {isa = PBXBuildFile; fileRef = 2EF3D0B0264EF7EE0012EB32 /* RecommendationsResponse.swift */; };
		2EFB54F72637564E00D9745F /* TabBarController.swift in Sources */ = {isa = PBXBuildFile; fileRef = 2EFB54F62637564E00D9745F /* TabBarController.swift */; };
		2EFB54F92637568100D9745F /* SearchController.swift in Sources */ = {isa = PBXBuildFile; fileRef = 2EFB54F82637568100D9745F /* SearchController.swift */; };
		2EFB54FB2637569C00D9745F /* LibraryController.swift in Sources */ = {isa = PBXBuildFile; fileRef = 2EFB54FA2637569C00D9745F /* LibraryController.swift */; };
		2EFB54FF263756D600D9745F /* AuthController.swift in Sources */ = {isa = PBXBuildFile; fileRef = 2EFB54FE263756D600D9745F /* AuthController.swift */; };
		2EFB5501263756EA00D9745F /* WelcomeController.swift in Sources */ = {isa = PBXBuildFile; fileRef = 2EFB5500263756EA00D9745F /* WelcomeController.swift */; };
		2EFB55032637570300D9745F /* SettingsController.swift in Sources */ = {isa = PBXBuildFile; fileRef = 2EFB55022637570300D9745F /* SettingsController.swift */; };
		2EFB55052637571D00D9745F /* ProfileController.swift in Sources */ = {isa = PBXBuildFile; fileRef = 2EFB55042637571D00D9745F /* ProfileController.swift */; };
		2EFB55072637573600D9745F /* PlayerController.swift in Sources */ = {isa = PBXBuildFile; fileRef = 2EFB55062637573600D9745F /* PlayerController.swift */; };
		2EFB55092637574B00D9745F /* PlaylistController.swift in Sources */ = {isa = PBXBuildFile; fileRef = 2EFB55082637574B00D9745F /* PlaylistController.swift */; };
		2EFB550B2637577500D9745F /* SearchResultsController.swift in Sources */ = {isa = PBXBuildFile; fileRef = 2EFB550A2637577500D9745F /* SearchResultsController.swift */; };
		2EFB550D263757AB00D9745F /* AuthManager.swift in Sources */ = {isa = PBXBuildFile; fileRef = 2EFB550C263757AB00D9745F /* AuthManager.swift */; };
		2EFB550F263757C000D9745F /* NetworkManager.swift in Sources */ = {isa = PBXBuildFile; fileRef = 2EFB550E263757C000D9745F /* NetworkManager.swift */; };
		2EFB5511263757D500D9745F /* HapticsManager.swift in Sources */ = {isa = PBXBuildFile; fileRef = 2EFB5510263757D500D9745F /* HapticsManager.swift */; };
		2EFB55132637580300D9745F /* PlaylistModel.swift in Sources */ = {isa = PBXBuildFile; fileRef = 2EFB55122637580300D9745F /* PlaylistModel.swift */; };
		2EFB55152637581E00D9745F /* AudioTrackModel.swift in Sources */ = {isa = PBXBuildFile; fileRef = 2EFB55142637581E00D9745F /* AudioTrackModel.swift */; };
		2EFB55172637583100D9745F /* ArtistModel.swift in Sources */ = {isa = PBXBuildFile; fileRef = 2EFB55162637583100D9745F /* ArtistModel.swift */; };
		2EFB55192637585900D9745F /* UserProfileModel.swift in Sources */ = {isa = PBXBuildFile; fileRef = 2EFB55182637585900D9745F /* UserProfileModel.swift */; };
		9570BB4418463F7BA7F37B13 /* Pods_SpotifyClone.framework in Frameworks */ = {isa = PBXBuildFile; fileRef = C2569AB9974F8EEDD3B50DEB /* Pods_SpotifyClone.framework */; };
/* End PBXBuildFile section */

/* Begin PBXFileReference section */
		106C03437DD5B6D9BDDEE54B /* Pods-SpotifyClone.debug.xcconfig */ = {isa = PBXFileReference; includeInIndex = 1; lastKnownFileType = text.xcconfig; name = "Pods-SpotifyClone.debug.xcconfig"; path = "Target Support Files/Pods-SpotifyClone/Pods-SpotifyClone.debug.xcconfig"; sourceTree = "<group>"; };
		2E03AF7F264AB66F0029CF3F /* SettingsModels.swift */ = {isa = PBXFileReference; lastKnownFileType = sourcecode.swift; path = SettingsModels.swift; sourceTree = "<group>"; };
		2E4F64B32659626E002C4F8C /* PlaylistDetailsResponse.swift */ = {isa = PBXFileReference; lastKnownFileType = sourcecode.swift; path = PlaylistDetailsResponse.swift; sourceTree = "<group>"; };
		2E4F64B626596F0A002C4F8C /* PlaylistTracksResponse.swift */ = {isa = PBXFileReference; lastKnownFileType = sourcecode.swift; path = PlaylistTracksResponse.swift; sourceTree = "<group>"; };
		2E4F64ED265990BA002C4F8C /* PlaylistHeader.swift */ = {isa = PBXFileReference; lastKnownFileType = sourcecode.swift; path = PlaylistHeader.swift; sourceTree = "<group>"; };
		2E4F650026599B54002C4F8C /* PlaylistHeaderViewModel.swift */ = {isa = PBXFileReference; lastKnownFileType = sourcecode.swift; path = PlaylistHeaderViewModel.swift; sourceTree = "<group>"; };
		2E4F650D2659A4A3002C4F8C /* UIViewExtensions.swift */ = {isa = PBXFileReference; lastKnownFileType = sourcecode.swift; path = UIViewExtensions.swift; sourceTree = "<group>"; };
		2E58FF04265ADCEE00413B6C /* DateFormatterExtensions.swift */ = {isa = PBXFileReference; lastKnownFileType = sourcecode.swift; path = DateFormatterExtensions.swift; sourceTree = "<group>"; };
		2E6164FF2639E346009C4B2E /* UIImageViewExtensions.swift */ = {isa = PBXFileReference; lastKnownFileType = sourcecode.swift; path = UIImageViewExtensions.swift; sourceTree = "<group>"; };
		2E67AD8C266689C20025AD3D /* AllCategoriesResponse.swift */ = {isa = PBXFileReference; lastKnownFileType = sourcecode.swift; path = AllCategoriesResponse.swift; sourceTree = "<group>"; };
		2E67AD9826669D980025AD3D /* CategoryCollectionViewCellViewModel.swift */ = {isa = PBXFileReference; lastKnownFileType = sourcecode.swift; path = CategoryCollectionViewCellViewModel.swift; sourceTree = "<group>"; };
		2E67ADAC2666B1D50025AD3D /* CategoryController.swift */ = {isa = PBXFileReference; lastKnownFileType = sourcecode.swift; path = CategoryController.swift; sourceTree = "<group>"; };
		2E67ADF02667FC800025AD3D /* SearchResultsResponse.swift */ = {isa = PBXFileReference; lastKnownFileType = sourcecode.swift; path = SearchResultsResponse.swift; sourceTree = "<group>"; };
		2E67ADF52667FF780025AD3D /* SearchResult.swift */ = {isa = PBXFileReference; lastKnownFileType = sourcecode.swift; path = SearchResult.swift; sourceTree = "<group>"; };
		2E67AE7026691E6D0025AD3D /* SerchSection.swift */ = {isa = PBXFileReference; lastKnownFileType = sourcecode.swift; path = SerchSection.swift; sourceTree = "<group>"; };
		2E67AE7326692E9E0025AD3D /* BrowseSectionType.swift */ = {isa = PBXFileReference; lastKnownFileType = sourcecode.swift; path = BrowseSectionType.swift; sourceTree = "<group>"; };
		2E6A5662263753C8008BDE9A /* Constants.swift */ = {isa = PBXFileReference; lastKnownFileType = sourcecode.swift; path = Constants.swift; sourceTree = "<group>"; };
		2E75D05426504C6600F87444 /* NewReleasesCollectionViewCell.swift */ = {isa = PBXFileReference; lastKnownFileType = sourcecode.swift; path = NewReleasesCollectionViewCell.swift; sourceTree = "<group>"; };
		2E75D05626504D2400F87444 /* FeaturedPlaylistsCollectionViewCell.swift */ = {isa = PBXFileReference; lastKnownFileType = sourcecode.swift; path = FeaturedPlaylistsCollectionViewCell.swift; sourceTree = "<group>"; };
		2E75D05826504DA800F87444 /* RecommendedTracksCollectionViewCell.swift */ = {isa = PBXFileReference; lastKnownFileType = sourcecode.swift; path = RecommendedTracksCollectionViewCell.swift; sourceTree = "<group>"; };
		2E75D05A26505FCA00F87444 /* NewReleasesCellViewModel.swift */ = {isa = PBXFileReference; lastKnownFileType = sourcecode.swift; path = NewReleasesCellViewModel.swift; sourceTree = "<group>"; };
		2E75D05C26518A4200F87444 /* FeaturedPlaylistsCellViewModel.swift */ = {isa = PBXFileReference; lastKnownFileType = sourcecode.swift; path = FeaturedPlaylistsCellViewModel.swift; sourceTree = "<group>"; };
		2E75D05E26518AD100F87444 /* RecommendedTracksCellViewModel.swift */ = {isa = PBXFileReference; lastKnownFileType = sourcecode.swift; path = RecommendedTracksCellViewModel.swift; sourceTree = "<group>"; };
		2E79479F26444FB500C1201A /* AuthResponse.swift */ = {isa = PBXFileReference; lastKnownFileType = sourcecode.swift; path = AuthResponse.swift; sourceTree = "<group>"; };
		2E8B101B266A8FBC00EC2DAF /* SearchResultDefaultTableCell.swift */ = {isa = PBXFileReference; lastKnownFileType = sourcecode.swift; path = SearchResultDefaultTableCell.swift; sourceTree = "<group>"; };
		2E8B101E266A922D00EC2DAF /* SearchResultDefaultTableCellViewModel.swift */ = {isa = PBXFileReference; lastKnownFileType = sourcecode.swift; path = SearchResultDefaultTableCellViewModel.swift; sourceTree = "<group>"; };
		2E8B1021266A9AC700EC2DAF /* SearchResultSubtitleTableCell.swift */ = {isa = PBXFileReference; lastKnownFileType = sourcecode.swift; path = SearchResultSubtitleTableCell.swift; sourceTree = "<group>"; };
		2E8B1025266A9BE800EC2DAF /* SearchResultSubtitleTableCellViewModel.swift */ = {isa = PBXFileReference; lastKnownFileType = sourcecode.swift; path = SearchResultSubtitleTableCellViewModel.swift; sourceTree = "<group>"; };
		2E8D4433265AB6BF00172C59 /* TitleHeader.swift */ = {isa = PBXFileReference; lastKnownFileType = sourcecode.swift; path = TitleHeader.swift; sourceTree = "<group>"; };
		2E8D446B265AD64E00172C59 /* AlbumTracksCollectionViewCell.swift */ = {isa = PBXFileReference; lastKnownFileType = sourcecode.swift; path = AlbumTracksCollectionViewCell.swift; sourceTree = "<group>"; };
		2E8D446E265AD95500172C59 /* AlbumTracksCellViewModel.swift */ = {isa = PBXFileReference; lastKnownFileType = sourcecode.swift; path = AlbumTracksCellViewModel.swift; sourceTree = "<group>"; };
		2E90EA692664006000D5E038 /* CategoryCollectionViewCell.swift */ = {isa = PBXFileReference; lastKnownFileType = sourcecode.swift; path = CategoryCollectionViewCell.swift; sourceTree = "<group>"; };
		2EA1448026593E050012E5B6 /* AlbumController.swift */ = {isa = PBXFileReference; lastKnownFileType = sourcecode.swift; path = AlbumController.swift; sourceTree = "<group>"; };
		2EA14483265953590012E5B6 /* AlbumDetailsResponse.swift */ = {isa = PBXFileReference; lastKnownFileType = sourcecode.swift; path = AlbumDetailsResponse.swift; sourceTree = "<group>"; };
		2EA7E417264D53C0000C9ED2 /* NewReleasesResponse.swift */ = {isa = PBXFileReference; lastKnownFileType = sourcecode.swift; path = NewReleasesResponse.swift; sourceTree = "<group>"; };
		2EA7E419264D90B2000C9ED2 /* APIImage.swift */ = {isa = PBXFileReference; lastKnownFileType = sourcecode.swift; path = APIImage.swift; sourceTree = "<group>"; };
		2EBBD6F526347BE500812376 /* SpotifyClone.app */ = {isa = PBXFileReference; explicitFileType = wrapper.application; includeInIndex = 0; path = SpotifyClone.app; sourceTree = BUILT_PRODUCTS_DIR; };
		2EBBD6F826347BE500812376 /* AppDelegate.swift */ = {isa = PBXFileReference; lastKnownFileType = sourcecode.swift; path = AppDelegate.swift; sourceTree = "<group>"; };
		2EBBD6FA26347BE500812376 /* SceneDelegate.swift */ = {isa = PBXFileReference; lastKnownFileType = sourcecode.swift; path = SceneDelegate.swift; sourceTree = "<group>"; };
		2EBBD6FC26347BE500812376 /* HomeController.swift */ = {isa = PBXFileReference; lastKnownFileType = sourcecode.swift; path = HomeController.swift; sourceTree = "<group>"; };
		2EBBD70126347BF300812376 /* Assets.xcassets */ = {isa = PBXFileReference; lastKnownFileType = folder.assetcatalog; path = Assets.xcassets; sourceTree = "<group>"; };
		2EBBD70426347BF300812376 /* Base */ = {isa = PBXFileReference; lastKnownFileType = file.storyboard; name = Base; path = Base.lproj/LaunchScreen.storyboard; sourceTree = "<group>"; };
		2EBBD70626347BF300812376 /* Info.plist */ = {isa = PBXFileReference; lastKnownFileType = text.plist.xml; path = Info.plist; sourceTree = "<group>"; };
		2EBBD70D2635D2DB00812376 /* Config.swift */ = {isa = PBXFileReference; lastKnownFileType = sourcecode.swift; path = Config.swift; sourceTree = "<group>"; };
		2EBF6A52267289E400962E62 /* PlaybackPresenter.swift */ = {isa = PBXFileReference; lastKnownFileType = sourcecode.swift; path = PlaybackPresenter.swift; sourceTree = "<group>"; };
		2EBF6A92267391B900962E62 /* PlayerControlsView.swift */ = {isa = PBXFileReference; lastKnownFileType = sourcecode.swift; path = PlayerControlsView.swift; sourceTree = "<group>"; };
		2EF3D0AC264D98690012EB32 /* FeaturedPlaylistsResponse.swift */ = {isa = PBXFileReference; lastKnownFileType = sourcecode.swift; path = FeaturedPlaylistsResponse.swift; sourceTree = "<group>"; };
		2EF3D0AE264EF0AC0012EB32 /* RecommendedGenresResponse.swift */ = {isa = PBXFileReference; lastKnownFileType = sourcecode.swift; path = RecommendedGenresResponse.swift; sourceTree = "<group>"; };
		2EF3D0B0264EF7EE0012EB32 /* RecommendationsResponse.swift */ = {isa = PBXFileReference; lastKnownFileType = sourcecode.swift; path = RecommendationsResponse.swift; sourceTree = "<group>"; };
		2EFB54F62637564E00D9745F /* TabBarController.swift */ = {isa = PBXFileReference; lastKnownFileType = sourcecode.swift; path = TabBarController.swift; sourceTree = "<group>"; };
		2EFB54F82637568100D9745F /* SearchController.swift */ = {isa = PBXFileReference; lastKnownFileType = sourcecode.swift; path = SearchController.swift; sourceTree = "<group>"; };
		2EFB54FA2637569C00D9745F /* LibraryController.swift */ = {isa = PBXFileReference; lastKnownFileType = sourcecode.swift; path = LibraryController.swift; sourceTree = "<group>"; };
		2EFB54FE263756D600D9745F /* AuthController.swift */ = {isa = PBXFileReference; lastKnownFileType = sourcecode.swift; path = AuthController.swift; sourceTree = "<group>"; };
		2EFB5500263756EA00D9745F /* WelcomeController.swift */ = {isa = PBXFileReference; lastKnownFileType = sourcecode.swift; path = WelcomeController.swift; sourceTree = "<group>"; };
		2EFB55022637570300D9745F /* SettingsController.swift */ = {isa = PBXFileReference; lastKnownFileType = sourcecode.swift; path = SettingsController.swift; sourceTree = "<group>"; };
		2EFB55042637571D00D9745F /* ProfileController.swift */ = {isa = PBXFileReference; lastKnownFileType = sourcecode.swift; path = ProfileController.swift; sourceTree = "<group>"; };
		2EFB55062637573600D9745F /* PlayerController.swift */ = {isa = PBXFileReference; lastKnownFileType = sourcecode.swift; path = PlayerController.swift; sourceTree = "<group>"; };
		2EFB55082637574B00D9745F /* PlaylistController.swift */ = {isa = PBXFileReference; lastKnownFileType = sourcecode.swift; path = PlaylistController.swift; sourceTree = "<group>"; };
		2EFB550A2637577500D9745F /* SearchResultsController.swift */ = {isa = PBXFileReference; lastKnownFileType = sourcecode.swift; path = SearchResultsController.swift; sourceTree = "<group>"; };
		2EFB550C263757AB00D9745F /* AuthManager.swift */ = {isa = PBXFileReference; lastKnownFileType = sourcecode.swift; path = AuthManager.swift; sourceTree = "<group>"; };
		2EFB550E263757C000D9745F /* NetworkManager.swift */ = {isa = PBXFileReference; lastKnownFileType = sourcecode.swift; path = NetworkManager.swift; sourceTree = "<group>"; };
		2EFB5510263757D500D9745F /* HapticsManager.swift */ = {isa = PBXFileReference; lastKnownFileType = sourcecode.swift; path = HapticsManager.swift; sourceTree = "<group>"; };
		2EFB55122637580300D9745F /* PlaylistModel.swift */ = {isa = PBXFileReference; lastKnownFileType = sourcecode.swift; path = PlaylistModel.swift; sourceTree = "<group>"; };
		2EFB55142637581E00D9745F /* AudioTrackModel.swift */ = {isa = PBXFileReference; lastKnownFileType = sourcecode.swift; path = AudioTrackModel.swift; sourceTree = "<group>"; };
		2EFB55162637583100D9745F /* ArtistModel.swift */ = {isa = PBXFileReference; lastKnownFileType = sourcecode.swift; path = ArtistModel.swift; sourceTree = "<group>"; };
		2EFB55182637585900D9745F /* UserProfileModel.swift */ = {isa = PBXFileReference; lastKnownFileType = sourcecode.swift; path = UserProfileModel.swift; sourceTree = "<group>"; };
		C2569AB9974F8EEDD3B50DEB /* Pods_SpotifyClone.framework */ = {isa = PBXFileReference; explicitFileType = wrapper.framework; includeInIndex = 0; path = Pods_SpotifyClone.framework; sourceTree = BUILT_PRODUCTS_DIR; };
		D72CAD59F96552FA5DCF639A /* Pods-SpotifyClone.release.xcconfig */ = {isa = PBXFileReference; includeInIndex = 1; lastKnownFileType = text.xcconfig; name = "Pods-SpotifyClone.release.xcconfig"; path = "Target Support Files/Pods-SpotifyClone/Pods-SpotifyClone.release.xcconfig"; sourceTree = "<group>"; };
/* End PBXFileReference section */

/* Begin PBXFrameworksBuildPhase section */
		2EBBD6F226347BE500812376 /* Frameworks */ = {
			isa = PBXFrameworksBuildPhase;
			buildActionMask = 2147483647;
			files = (
				9570BB4418463F7BA7F37B13 /* Pods_SpotifyClone.framework in Frameworks */,
			);
			runOnlyForDeploymentPostprocessing = 0;
		};
/* End PBXFrameworksBuildPhase section */

/* Begin PBXGroup section */
		2E4F650626599C2F002C4F8C /* Others */ = {
			isa = PBXGroup;
			children = (
				2E03AF7F264AB66F0029CF3F /* SettingsModels.swift */,
				2E79479F26444FB500C1201A /* AuthResponse.swift */,
				2EF3D0AE264EF0AC0012EB32 /* RecommendedGenresResponse.swift */,
				2EA7E419264D90B2000C9ED2 /* APIImage.swift */,
				2E67AE7326692E9E0025AD3D /* BrowseSectionType.swift */,
			);
			path = Others;
			sourceTree = "<group>";
		};
		2E4F650C2659A485002C4F8C /* Extensions */ = {
			isa = PBXGroup;
			children = (
				2E6164FF2639E346009C4B2E /* UIImageViewExtensions.swift */,
				2E4F650D2659A4A3002C4F8C /* UIViewExtensions.swift */,
				2E58FF04265ADCEE00413B6C /* DateFormatterExtensions.swift */,
			);
			path = Extensions;
			sourceTree = "<group>";
		};
		2E67AD8F26669B260025AD3D /* Browse */ = {
			isa = PBXGroup;
			children = (
				2E75D05C26518A4200F87444 /* FeaturedPlaylistsCellViewModel.swift */,
				2E75D05E26518AD100F87444 /* RecommendedTracksCellViewModel.swift */,
				2E4F650026599B54002C4F8C /* PlaylistHeaderViewModel.swift */,
				2E67AD9826669D980025AD3D /* CategoryCollectionViewCellViewModel.swift */,
			);
			path = Browse;
			sourceTree = "<group>";
		};
		2E67AD9126669C6C0025AD3D /* Playlists */ = {
			isa = PBXGroup;
			children = (
				2EFB55122637580300D9745F /* PlaylistModel.swift */,
				2EF3D0AC264D98690012EB32 /* FeaturedPlaylistsResponse.swift */,
				2E4F64B32659626E002C4F8C /* PlaylistDetailsResponse.swift */,
				2E4F64B626596F0A002C4F8C /* PlaylistTracksResponse.swift */,
			);
			path = Playlists;
			sourceTree = "<group>";
		};
		2E67AD9326669C8C0025AD3D /* Albums */ = {
			isa = PBXGroup;
			children = (
				2EA7E417264D53C0000C9ED2 /* NewReleasesResponse.swift */,
				2EFB55142637581E00D9745F /* AudioTrackModel.swift */,
				2EF3D0B0264EF7EE0012EB32 /* RecommendationsResponse.swift */,
				2EA14483265953590012E5B6 /* AlbumDetailsResponse.swift */,
			);
			path = Albums;
			sourceTree = "<group>";
		};
		2E67AD9426669D050025AD3D /* Users */ = {
			isa = PBXGroup;
			children = (
				2EFB55162637583100D9745F /* ArtistModel.swift */,
				2EFB55182637585900D9745F /* UserProfileModel.swift */,
			);
			path = Users;
			sourceTree = "<group>";
		};
		2E67ADF32667FCBB0025AD3D /* Search */ = {
			isa = PBXGroup;
			children = (
				2E67ADF02667FC800025AD3D /* SearchResultsResponse.swift */,
				2E67AD8C266689C20025AD3D /* AllCategoriesResponse.swift */,
				2E67ADF52667FF780025AD3D /* SearchResult.swift */,
				2E67AE7026691E6D0025AD3D /* SerchSection.swift */,
			);
			path = Search;
			sourceTree = "<group>";
		};
		2E6A565C2637533B008BDE9A /* Controllers */ = {
			isa = PBXGroup;
			children = (
				2EFB54FD263756BC00D9745F /* Others */,
				2EFB54FC263756AC00D9745F /* Core */,
			);
			path = Controllers;
			sourceTree = "<group>";
		};
		2E6A565D26375342008BDE9A /* Views */ = {
			isa = PBXGroup;
			children = (
				2EBF6A912673917800962E62 /* Player */,
				2E75D05326504C2500F87444 /* Browse */,
				2E90EA682664000800D5E038 /* Search */,
				2EBBD70326347BF300812376 /* LaunchScreen.storyboard */,
			);
			path = Views;
			sourceTree = "<group>";
		};
		2E6A565E2637534B008BDE9A /* Models */ = {
			isa = PBXGroup;
			children = (
				2E67ADF32667FCBB0025AD3D /* Search */,
				2E67AD9426669D050025AD3D /* Users */,
				2E67AD9126669C6C0025AD3D /* Playlists */,
				2E67AD9326669C8C0025AD3D /* Albums */,
				2E4F650626599C2F002C4F8C /* Others */,
			);
			path = Models;
			sourceTree = "<group>";
		};
		2E6A565F26375352008BDE9A /* ViewModels */ = {
			isa = PBXGroup;
			children = (
				2E8B102A266A9C2D00EC2DAF /* Albums */,
				2E67AD8F26669B260025AD3D /* Browse */,
				2E8B1029266A9C0400EC2DAF /* Search */,
			);
			path = ViewModels;
			sourceTree = "<group>";
		};
		2E6A566026375360008BDE9A /* Managers */ = {
			isa = PBXGroup;
			children = (
				2EFB550C263757AB00D9745F /* AuthManager.swift */,
				2EFB550E263757C000D9745F /* NetworkManager.swift */,
				2EFB5510263757D500D9745F /* HapticsManager.swift */,
			);
			path = Managers;
			sourceTree = "<group>";
		};
		2E6A56612637536B008BDE9A /* Resources */ = {
			isa = PBXGroup;
			children = (
				2EBBD6F826347BE500812376 /* AppDelegate.swift */,
				2EBBD6FA26347BE500812376 /* SceneDelegate.swift */,
				2EBBD70126347BF300812376 /* Assets.xcassets */,
			);
			path = Resources;
			sourceTree = "<group>";
		};
		2E75D05326504C2500F87444 /* Browse */ = {
			isa = PBXGroup;
			children = (
				2E8D443A265AC8FD00172C59 /* CollectionViews */,
			);
			path = Browse;
			sourceTree = "<group>";
		};
		2E8B101A266A8F7D00EC2DAF /* SearchResults Cells */ = {
			isa = PBXGroup;
			children = (
				2E8B101B266A8FBC00EC2DAF /* SearchResultDefaultTableCell.swift */,
				2E8B1021266A9AC700EC2DAF /* SearchResultSubtitleTableCell.swift */,
			);
			path = "SearchResults Cells";
			sourceTree = "<group>";
		};
		2E8B1029266A9C0400EC2DAF /* Search */ = {
			isa = PBXGroup;
			children = (
				2E8B101E266A922D00EC2DAF /* SearchResultDefaultTableCellViewModel.swift */,
				2E8B1025266A9BE800EC2DAF /* SearchResultSubtitleTableCellViewModel.swift */,
			);
			path = Search;
			sourceTree = "<group>";
		};
		2E8B102A266A9C2D00EC2DAF /* Albums */ = {
			isa = PBXGroup;
			children = (
				2E75D05A26505FCA00F87444 /* NewReleasesCellViewModel.swift */,
				2E8D446E265AD95500172C59 /* AlbumTracksCellViewModel.swift */,
			);
			path = Albums;
			sourceTree = "<group>";
		};
		2E8D4437265AC8BA00172C59 /* Headers */ = {
			isa = PBXGroup;
			children = (
				2E4F64ED265990BA002C4F8C /* PlaylistHeader.swift */,
				2E8D4433265AB6BF00172C59 /* TitleHeader.swift */,
			);
			path = Headers;
			sourceTree = "<group>";
		};
		2E8D4439265AC8DC00172C59 /* Cells */ = {
			isa = PBXGroup;
			children = (
				2E75D05426504C6600F87444 /* NewReleasesCollectionViewCell.swift */,
				2E75D05626504D2400F87444 /* FeaturedPlaylistsCollectionViewCell.swift */,
				2E75D05826504DA800F87444 /* RecommendedTracksCollectionViewCell.swift */,
				2E8D446B265AD64E00172C59 /* AlbumTracksCollectionViewCell.swift */,
			);
			path = Cells;
			sourceTree = "<group>";
		};
		2E8D443A265AC8FD00172C59 /* CollectionViews */ = {
			isa = PBXGroup;
			children = (
				2E8D4437265AC8BA00172C59 /* Headers */,
				2E8D4439265AC8DC00172C59 /* Cells */,
			);
			path = CollectionViews;
			sourceTree = "<group>";
		};
		2E90EA682664000800D5E038 /* Search */ = {
			isa = PBXGroup;
			children = (
				2E90EA692664006000D5E038 /* CategoryCollectionViewCell.swift */,
				2E8B101A266A8F7D00EC2DAF /* SearchResults Cells */,
			);
			path = Search;
			sourceTree = "<group>";
		};
		2EBBD6EC26347BE500812376 = {
			isa = PBXGroup;
			children = (
				2EBBD6F726347BE500812376 /* SpotifyClone */,
				2EBBD6F626347BE500812376 /* Products */,
				5C56ABB8D54C7E0CC0BCCEC7 /* Pods */,
				AE22301C6A3A4A25BD879E22 /* Frameworks */,
			);
			sourceTree = "<group>";
		};
		2EBBD6F626347BE500812376 /* Products */ = {
			isa = PBXGroup;
			children = (
				2EBBD6F526347BE500812376 /* SpotifyClone.app */,
			);
			name = Products;
			sourceTree = "<group>";
		};
		2EBBD6F726347BE500812376 /* SpotifyClone */ = {
			isa = PBXGroup;
			children = (
				2EBF6A51267289A300962E62 /* Presenter */,
				2E4F650C2659A485002C4F8C /* Extensions */,
				2E6A56612637536B008BDE9A /* Resources */,
				2E6A566026375360008BDE9A /* Managers */,
				2E6A565F26375352008BDE9A /* ViewModels */,
				2E6A565E2637534B008BDE9A /* Models */,
				2E6A565D26375342008BDE9A /* Views */,
				2E6A565C2637533B008BDE9A /* Controllers */,
				2EBBD70C2635D2A200812376 /* Utilities */,
				2EBBD70626347BF300812376 /* Info.plist */,
			);
			path = SpotifyClone;
			sourceTree = "<group>";
		};
		2EBBD70C2635D2A200812376 /* Utilities */ = {
			isa = PBXGroup;
			children = (
				2EBBD70D2635D2DB00812376 /* Config.swift */,
				2E6A5662263753C8008BDE9A /* Constants.swift */,
			);
			path = Utilities;
			sourceTree = "<group>";
		};
		2EBF6A51267289A300962E62 /* Presenter */ = {
			isa = PBXGroup;
			children = (
				2EBF6A52267289E400962E62 /* PlaybackPresenter.swift */,
			);
			path = Presenter;
			sourceTree = "<group>";
		};
		2EBF6A912673917800962E62 /* Player */ = {
			isa = PBXGroup;
			children = (
				2EBF6A92267391B900962E62 /* PlayerControlsView.swift */,
			);
			path = Player;
			sourceTree = "<group>";
		};
		2EFB54FC263756AC00D9745F /* Core */ = {
			isa = PBXGroup;
			children = (
				2EBBD6FC26347BE500812376 /* HomeController.swift */,
				2EFB54F82637568100D9745F /* SearchController.swift */,
				2EFB54FA2637569C00D9745F /* LibraryController.swift */,
				2EFB54F62637564E00D9745F /* TabBarController.swift */,
			);
			path = Core;
			sourceTree = "<group>";
		};
		2EFB54FD263756BC00D9745F /* Others */ = {
			isa = PBXGroup;
			children = (
				2EFB54FE263756D600D9745F /* AuthController.swift */,
				2EFB5500263756EA00D9745F /* WelcomeController.swift */,
				2EFB55022637570300D9745F /* SettingsController.swift */,
				2EFB55042637571D00D9745F /* ProfileController.swift */,
				2EFB55062637573600D9745F /* PlayerController.swift */,
				2EFB55082637574B00D9745F /* PlaylistController.swift */,
				2EFB550A2637577500D9745F /* SearchResultsController.swift */,
				2EA1448026593E050012E5B6 /* AlbumController.swift */,
				2E67ADAC2666B1D50025AD3D /* CategoryController.swift */,
			);
			path = Others;
			sourceTree = "<group>";
		};
		5C56ABB8D54C7E0CC0BCCEC7 /* Pods */ = {
			isa = PBXGroup;
			children = (
				106C03437DD5B6D9BDDEE54B /* Pods-SpotifyClone.debug.xcconfig */,
				D72CAD59F96552FA5DCF639A /* Pods-SpotifyClone.release.xcconfig */,
			);
			path = Pods;
			sourceTree = "<group>";
		};
		AE22301C6A3A4A25BD879E22 /* Frameworks */ = {
			isa = PBXGroup;
			children = (
				C2569AB9974F8EEDD3B50DEB /* Pods_SpotifyClone.framework */,
			);
			name = Frameworks;
			sourceTree = "<group>";
		};
/* End PBXGroup section */

/* Begin PBXNativeTarget section */
		2EBBD6F426347BE500812376 /* SpotifyClone */ = {
			isa = PBXNativeTarget;
			buildConfigurationList = 2EBBD70926347BF300812376 /* Build configuration list for PBXNativeTarget "SpotifyClone" */;
			buildPhases = (
				6F065FF8E390D9778E48ADC2 /* [CP] Check Pods Manifest.lock */,
				2EBBD6F126347BE500812376 /* Sources */,
				2EBBD6F226347BE500812376 /* Frameworks */,
				2EBBD6F326347BE500812376 /* Resources */,
				A34FEE13F9D0F5BF239965F6 /* [CP] Embed Pods Frameworks */,
			);
			buildRules = (
			);
			dependencies = (
			);
			name = SpotifyClone;
			productName = SpotifyClone;
			productReference = 2EBBD6F526347BE500812376 /* SpotifyClone.app */;
			productType = "com.apple.product-type.application";
		};
/* End PBXNativeTarget section */

/* Begin PBXProject section */
		2EBBD6ED26347BE500812376 /* Project object */ = {
			isa = PBXProject;
			attributes = {
				LastSwiftUpdateCheck = 1170;
				LastUpgradeCheck = 1220;
				ORGANIZATIONNAME = "Abanoub Ashraf";
				TargetAttributes = {
					2EBBD6F426347BE500812376 = {
						CreatedOnToolsVersion = 11.7;
					};
				};
			};
			buildConfigurationList = 2EBBD6F026347BE500812376 /* Build configuration list for PBXProject "SpotifyClone" */;
			compatibilityVersion = "Xcode 9.3";
			developmentRegion = en;
			hasScannedForEncodings = 0;
			knownRegions = (
				en,
				Base,
			);
			mainGroup = 2EBBD6EC26347BE500812376;
			productRefGroup = 2EBBD6F626347BE500812376 /* Products */;
			projectDirPath = "";
			projectRoot = "";
			targets = (
				2EBBD6F426347BE500812376 /* SpotifyClone */,
			);
		};
/* End PBXProject section */

/* Begin PBXResourcesBuildPhase section */
		2EBBD6F326347BE500812376 /* Resources */ = {
			isa = PBXResourcesBuildPhase;
			buildActionMask = 2147483647;
			files = (
				2EBBD70526347BF300812376 /* LaunchScreen.storyboard in Resources */,
				2EBBD70226347BF300812376 /* Assets.xcassets in Resources */,
			);
			runOnlyForDeploymentPostprocessing = 0;
		};
/* End PBXResourcesBuildPhase section */

/* Begin PBXShellScriptBuildPhase section */
		6F065FF8E390D9778E48ADC2 /* [CP] Check Pods Manifest.lock */ = {
			isa = PBXShellScriptBuildPhase;
			buildActionMask = 2147483647;
			files = (
			);
			inputFileListPaths = (
			);
			inputPaths = (
				"${PODS_PODFILE_DIR_PATH}/Podfile.lock",
				"${PODS_ROOT}/Manifest.lock",
			);
			name = "[CP] Check Pods Manifest.lock";
			outputFileListPaths = (
			);
			outputPaths = (
				"$(DERIVED_FILE_DIR)/Pods-SpotifyClone-checkManifestLockResult.txt",
			);
			runOnlyForDeploymentPostprocessing = 0;
			shellPath = /bin/sh;
			shellScript = "diff \"${PODS_PODFILE_DIR_PATH}/Podfile.lock\" \"${PODS_ROOT}/Manifest.lock\" > /dev/null\nif [ $? != 0 ] ; then\n    # print error to STDERR\n    echo \"error: The sandbox is not in sync with the Podfile.lock. Run 'pod install' or update your CocoaPods installation.\" >&2\n    exit 1\nfi\n# This output is used by Xcode 'outputs' to avoid re-running this script phase.\necho \"SUCCESS\" > \"${SCRIPT_OUTPUT_FILE_0}\"\n";
			showEnvVarsInLog = 0;
		};
		A34FEE13F9D0F5BF239965F6 /* [CP] Embed Pods Frameworks */ = {
			isa = PBXShellScriptBuildPhase;
			buildActionMask = 2147483647;
			files = (
			);
			inputFileListPaths = (
				"${PODS_ROOT}/Target Support Files/Pods-SpotifyClone/Pods-SpotifyClone-frameworks-${CONFIGURATION}-input-files.xcfilelist",
			);
			name = "[CP] Embed Pods Frameworks";
			outputFileListPaths = (
				"${PODS_ROOT}/Target Support Files/Pods-SpotifyClone/Pods-SpotifyClone-frameworks-${CONFIGURATION}-output-files.xcfilelist",
			);
			runOnlyForDeploymentPostprocessing = 0;
			shellPath = /bin/sh;
			shellScript = "\"${PODS_ROOT}/Target Support Files/Pods-SpotifyClone/Pods-SpotifyClone-frameworks.sh\"\n";
			showEnvVarsInLog = 0;
		};
/* End PBXShellScriptBuildPhase section */

/* Begin PBXSourcesBuildPhase section */
		2EBBD6F126347BE500812376 /* Sources */ = {
			isa = PBXSourcesBuildPhase;
			buildActionMask = 2147483647;
			files = (
				2E75D05726504D2400F87444 /* FeaturedPlaylistsCollectionViewCell.swift in Sources */,
				2E6165002639E346009C4B2E /* UIImageViewExtensions.swift in Sources */,
				2EFB5511263757D500D9745F /* HapticsManager.swift in Sources */,
				2E75D05526504C6600F87444 /* NewReleasesCollectionViewCell.swift in Sources */,
				2E6A5663263753C8008BDE9A /* Constants.swift in Sources */,
				2E8B1022266A9AC700EC2DAF /* SearchResultSubtitleTableCell.swift in Sources */,
				2EBBD6FD26347BE500812376 /* HomeController.swift in Sources */,
				2EBBD70E2635D2DB00812376 /* Config.swift in Sources */,
				2E8D4434265AB6BF00172C59 /* TitleHeader.swift in Sources */,
				2EFB55132637580300D9745F /* PlaylistModel.swift in Sources */,
				2E67AE7126691E6D0025AD3D /* SerchSection.swift in Sources */,
				2EFB54FB2637569C00D9745F /* LibraryController.swift in Sources */,
				2EFB55152637581E00D9745F /* AudioTrackModel.swift in Sources */,
				2EBF6A53267289E400962E62 /* PlaybackPresenter.swift in Sources */,
				2E75D05926504DA800F87444 /* RecommendedTracksCollectionViewCell.swift in Sources */,
				2EFB54FF263756D600D9745F /* AuthController.swift in Sources */,
				2E67AD9926669D980025AD3D /* CategoryCollectionViewCellViewModel.swift in Sources */,
				2E8D446C265AD64E00172C59 /* AlbumTracksCollectionViewCell.swift in Sources */,
				2E03AF80264AB66F0029CF3F /* SettingsModels.swift in Sources */,
				2EF3D0AD264D98690012EB32 /* FeaturedPlaylistsResponse.swift in Sources */,
				2E67AD8D266689C20025AD3D /* AllCategoriesResponse.swift in Sources */,
				2E8B101C266A8FBC00EC2DAF /* SearchResultDefaultTableCell.swift in Sources */,
				2E90EA6A2664006000D5E038 /* CategoryCollectionViewCell.swift in Sources */,
				2E67AE7426692E9E0025AD3D /* BrowseSectionType.swift in Sources */,
				2EFB55032637570300D9745F /* SettingsController.swift in Sources */,
				2EA14484265953590012E5B6 /* AlbumDetailsResponse.swift in Sources */,
				2E8D446F265AD95500172C59 /* AlbumTracksCellViewModel.swift in Sources */,
				2EA7E41A264D90B2000C9ED2 /* APIImage.swift in Sources */,
				2EFB54F92637568100D9745F /* SearchController.swift in Sources */,
				2E75D05D26518A4200F87444 /* FeaturedPlaylistsCellViewModel.swift in Sources */,
				2EFB55072637573600D9745F /* PlayerController.swift in Sources */,
				2EFB5501263756EA00D9745F /* WelcomeController.swift in Sources */,
				2EBF6A93267391B900962E62 /* PlayerControlsView.swift in Sources */,
				2EFB550D263757AB00D9745F /* AuthManager.swift in Sources */,
				2E4F64EE265990BA002C4F8C /* PlaylistHeader.swift in Sources */,
				2E4F650E2659A4A3002C4F8C /* UIViewExtensions.swift in Sources */,
				2EFB54F72637564E00D9745F /* TabBarController.swift in Sources */,
				2EBBD6F926347BE500812376 /* AppDelegate.swift in Sources */,
				2EBBD6FB26347BE500812376 /* SceneDelegate.swift in Sources */,
				2EFB55172637583100D9745F /* ArtistModel.swift in Sources */,
				2EFB55052637571D00D9745F /* ProfileController.swift in Sources */,
				2E75D05F26518AD100F87444 /* RecommendedTracksCellViewModel.swift in Sources */,
				2E58FF05265ADCEE00413B6C /* DateFormatterExtensions.swift in Sources */,
				2E4F64B42659626E002C4F8C /* PlaylistDetailsResponse.swift in Sources */,
				2E67ADAD2666B1D50025AD3D /* CategoryController.swift in Sources */,
				2EFB550F263757C000D9745F /* NetworkManager.swift in Sources */,
				2EA7E418264D53C0000C9ED2 /* NewReleasesResponse.swift in Sources */,
				2E75D05B26505FCA00F87444 /* NewReleasesCellViewModel.swift in Sources */,
				2E4F64B726596F0A002C4F8C /* PlaylistTracksResponse.swift in Sources */,
				2EFB550B2637577500D9745F /* SearchResultsController.swift in Sources */,
				2EFB55192637585900D9745F /* UserProfileModel.swift in Sources */,
				2EF3D0AF264EF0AC0012EB32 /* RecommendedGenresResponse.swift in Sources */,
				2E67ADF12667FC800025AD3D /* SearchResultsResponse.swift in Sources */,
				2EA1448126593E050012E5B6 /* AlbumController.swift in Sources */,
				2E7947A026444FB500C1201A /* AuthResponse.swift in Sources */,
				2E8B101F266A922D00EC2DAF /* SearchResultDefaultTableCellViewModel.swift in Sources */,
				2E4F650126599B54002C4F8C /* PlaylistHeaderViewModel.swift in Sources */,
				2EFB55092637574B00D9745F /* PlaylistController.swift in Sources */,
				2E8B1026266A9BE800EC2DAF /* SearchResultSubtitleTableCellViewModel.swift in Sources */,
				2E67ADF62667FF780025AD3D /* SearchResult.swift in Sources */,
				2EF3D0B1264EF7EE0012EB32 /* RecommendationsResponse.swift in Sources */,
			);
			runOnlyForDeploymentPostprocessing = 0;
		};
/* End PBXSourcesBuildPhase section */

/* Begin PBXVariantGroup section */
		2EBBD70326347BF300812376 /* LaunchScreen.storyboard */ = {
			isa = PBXVariantGroup;
			children = (
				2EBBD70426347BF300812376 /* Base */,
			);
			name = LaunchScreen.storyboard;
			sourceTree = "<group>";
		};
/* End PBXVariantGroup section */

/* Begin XCBuildConfiguration section */
		2EBBD70726347BF300812376 /* Debug */ = {
			isa = XCBuildConfiguration;
			buildSettings = {
				ALWAYS_SEARCH_USER_PATHS = NO;
				CLANG_ANALYZER_NONNULL = YES;
				CLANG_ANALYZER_NUMBER_OBJECT_CONVERSION = YES_AGGRESSIVE;
				CLANG_CXX_LANGUAGE_STANDARD = "gnu++14";
				CLANG_CXX_LIBRARY = "libc++";
				CLANG_ENABLE_MODULES = YES;
				CLANG_ENABLE_OBJC_ARC = YES;
				CLANG_ENABLE_OBJC_WEAK = YES;
				CLANG_WARN_BLOCK_CAPTURE_AUTORELEASING = YES;
				CLANG_WARN_BOOL_CONVERSION = YES;
				CLANG_WARN_COMMA = YES;
				CLANG_WARN_CONSTANT_CONVERSION = YES;
				CLANG_WARN_DEPRECATED_OBJC_IMPLEMENTATIONS = YES;
				CLANG_WARN_DIRECT_OBJC_ISA_USAGE = YES_ERROR;
				CLANG_WARN_DOCUMENTATION_COMMENTS = YES;
				CLANG_WARN_EMPTY_BODY = YES;
				CLANG_WARN_ENUM_CONVERSION = YES;
				CLANG_WARN_INFINITE_RECURSION = YES;
				CLANG_WARN_INT_CONVERSION = YES;
				CLANG_WARN_NON_LITERAL_NULL_CONVERSION = YES;
				CLANG_WARN_OBJC_IMPLICIT_RETAIN_SELF = YES;
				CLANG_WARN_OBJC_LITERAL_CONVERSION = YES;
				CLANG_WARN_OBJC_ROOT_CLASS = YES_ERROR;
				CLANG_WARN_QUOTED_INCLUDE_IN_FRAMEWORK_HEADER = YES;
				CLANG_WARN_RANGE_LOOP_ANALYSIS = YES;
				CLANG_WARN_STRICT_PROTOTYPES = YES;
				CLANG_WARN_SUSPICIOUS_MOVE = YES;
				CLANG_WARN_UNGUARDED_AVAILABILITY = YES_AGGRESSIVE;
				CLANG_WARN_UNREACHABLE_CODE = YES;
				CLANG_WARN__DUPLICATE_METHOD_MATCH = YES;
				COPY_PHASE_STRIP = NO;
				DEBUG_INFORMATION_FORMAT = dwarf;
				ENABLE_STRICT_OBJC_MSGSEND = YES;
				ENABLE_TESTABILITY = YES;
				GCC_C_LANGUAGE_STANDARD = gnu11;
				GCC_DYNAMIC_NO_PIC = NO;
				GCC_NO_COMMON_BLOCKS = YES;
				GCC_OPTIMIZATION_LEVEL = 0;
				GCC_PREPROCESSOR_DEFINITIONS = (
					"DEBUG=1",
					"$(inherited)",
				);
				GCC_WARN_64_TO_32_BIT_CONVERSION = YES;
				GCC_WARN_ABOUT_RETURN_TYPE = YES_ERROR;
				GCC_WARN_UNDECLARED_SELECTOR = YES;
				GCC_WARN_UNINITIALIZED_AUTOS = YES_AGGRESSIVE;
				GCC_WARN_UNUSED_FUNCTION = YES;
				GCC_WARN_UNUSED_VARIABLE = YES;
				IPHONEOS_DEPLOYMENT_TARGET = 14.2;
				MTL_ENABLE_DEBUG_INFO = INCLUDE_SOURCE;
				MTL_FAST_MATH = YES;
				ONLY_ACTIVE_ARCH = YES;
				SDKROOT = iphoneos;
				SWIFT_ACTIVE_COMPILATION_CONDITIONS = DEBUG;
				SWIFT_OPTIMIZATION_LEVEL = "-Onone";
			};
			name = Debug;
		};
		2EBBD70826347BF300812376 /* Release */ = {
			isa = XCBuildConfiguration;
			buildSettings = {
				ALWAYS_SEARCH_USER_PATHS = NO;
				CLANG_ANALYZER_NONNULL = YES;
				CLANG_ANALYZER_NUMBER_OBJECT_CONVERSION = YES_AGGRESSIVE;
				CLANG_CXX_LANGUAGE_STANDARD = "gnu++14";
				CLANG_CXX_LIBRARY = "libc++";
				CLANG_ENABLE_MODULES = YES;
				CLANG_ENABLE_OBJC_ARC = YES;
				CLANG_ENABLE_OBJC_WEAK = YES;
				CLANG_WARN_BLOCK_CAPTURE_AUTORELEASING = YES;
				CLANG_WARN_BOOL_CONVERSION = YES;
				CLANG_WARN_COMMA = YES;
				CLANG_WARN_CONSTANT_CONVERSION = YES;
				CLANG_WARN_DEPRECATED_OBJC_IMPLEMENTATIONS = YES;
				CLANG_WARN_DIRECT_OBJC_ISA_USAGE = YES_ERROR;
				CLANG_WARN_DOCUMENTATION_COMMENTS = YES;
				CLANG_WARN_EMPTY_BODY = YES;
				CLANG_WARN_ENUM_CONVERSION = YES;
				CLANG_WARN_INFINITE_RECURSION = YES;
				CLANG_WARN_INT_CONVERSION = YES;
				CLANG_WARN_NON_LITERAL_NULL_CONVERSION = YES;
				CLANG_WARN_OBJC_IMPLICIT_RETAIN_SELF = YES;
				CLANG_WARN_OBJC_LITERAL_CONVERSION = YES;
				CLANG_WARN_OBJC_ROOT_CLASS = YES_ERROR;
				CLANG_WARN_QUOTED_INCLUDE_IN_FRAMEWORK_HEADER = YES;
				CLANG_WARN_RANGE_LOOP_ANALYSIS = YES;
				CLANG_WARN_STRICT_PROTOTYPES = YES;
				CLANG_WARN_SUSPICIOUS_MOVE = YES;
				CLANG_WARN_UNGUARDED_AVAILABILITY = YES_AGGRESSIVE;
				CLANG_WARN_UNREACHABLE_CODE = YES;
				CLANG_WARN__DUPLICATE_METHOD_MATCH = YES;
				COPY_PHASE_STRIP = NO;
				DEBUG_INFORMATION_FORMAT = "dwarf-with-dsym";
				ENABLE_NS_ASSERTIONS = NO;
				ENABLE_STRICT_OBJC_MSGSEND = YES;
				GCC_C_LANGUAGE_STANDARD = gnu11;
				GCC_NO_COMMON_BLOCKS = YES;
				GCC_WARN_64_TO_32_BIT_CONVERSION = YES;
				GCC_WARN_ABOUT_RETURN_TYPE = YES_ERROR;
				GCC_WARN_UNDECLARED_SELECTOR = YES;
				GCC_WARN_UNINITIALIZED_AUTOS = YES_AGGRESSIVE;
				GCC_WARN_UNUSED_FUNCTION = YES;
				GCC_WARN_UNUSED_VARIABLE = YES;
				IPHONEOS_DEPLOYMENT_TARGET = 14.2;
				MTL_ENABLE_DEBUG_INFO = NO;
				MTL_FAST_MATH = YES;
				SDKROOT = iphoneos;
				SWIFT_COMPILATION_MODE = wholemodule;
				SWIFT_OPTIMIZATION_LEVEL = "-O";
				VALIDATE_PRODUCT = YES;
			};
			name = Release;
		};
		2EBBD70A26347BF300812376 /* Debug */ = {
			isa = XCBuildConfiguration;
			baseConfigurationReference = 106C03437DD5B6D9BDDEE54B /* Pods-SpotifyClone.debug.xcconfig */;
			buildSettings = {
				ASSETCATALOG_COMPILER_APPICON_NAME = AppIcon;
				CODE_SIGN_STYLE = Automatic;
				DEVELOPMENT_TEAM = U6JX84M9ZS;
				INFOPLIST_FILE = SpotifyClone/Info.plist;
				IPHONEOS_DEPLOYMENT_TARGET = 14.0;
				LD_RUNPATH_SEARCH_PATHS = (
					"$(inherited)",
					"@executable_path/Frameworks",
				);
				PRODUCT_BUNDLE_IDENTIFIER = com.abanoub.SpotifyClone;
				PRODUCT_NAME = "$(TARGET_NAME)";
				SWIFT_VERSION = 5.0;
				TARGETED_DEVICE_FAMILY = "1,2";
			};
			name = Debug;
		};
		2EBBD70B26347BF300812376 /* Release */ = {
			isa = XCBuildConfiguration;
			baseConfigurationReference = D72CAD59F96552FA5DCF639A /* Pods-SpotifyClone.release.xcconfig */;
			buildSettings = {
				ASSETCATALOG_COMPILER_APPICON_NAME = AppIcon;
				CODE_SIGN_STYLE = Automatic;
				DEVELOPMENT_TEAM = U6JX84M9ZS;
				INFOPLIST_FILE = SpotifyClone/Info.plist;
				IPHONEOS_DEPLOYMENT_TARGET = 14.0;
				LD_RUNPATH_SEARCH_PATHS = (
					"$(inherited)",
					"@executable_path/Frameworks",
				);
				PRODUCT_BUNDLE_IDENTIFIER = com.abanoub.SpotifyClone;
				PRODUCT_NAME = "$(TARGET_NAME)";
				SWIFT_VERSION = 5.0;
				TARGETED_DEVICE_FAMILY = "1,2";
			};
			name = Release;
		};
/* End XCBuildConfiguration section */

/* Begin XCConfigurationList section */
		2EBBD6F026347BE500812376 /* Build configuration list for PBXProject "SpotifyClone" */ = {
			isa = XCConfigurationList;
			buildConfigurations = (
				2EBBD70726347BF300812376 /* Debug */,
				2EBBD70826347BF300812376 /* Release */,
			);
			defaultConfigurationIsVisible = 0;
			defaultConfigurationName = Release;
		};
		2EBBD70926347BF300812376 /* Build configuration list for PBXNativeTarget "SpotifyClone" */ = {
			isa = XCConfigurationList;
			buildConfigurations = (
				2EBBD70A26347BF300812376 /* Debug */,
				2EBBD70B26347BF300812376 /* Release */,
			);
			defaultConfigurationIsVisible = 0;
			defaultConfigurationName = Release;
		};
/* End XCConfigurationList section */
	};
	rootObject = 2EBBD6ED26347BE500812376 /* Project object */;
}
